PODS:
  - RevanBaseModule/Category (0.4.0)
  - RevanMainModule (0.4.0):
    - RevanBaseModule/Category

DEPENDENCIES:
  - RevanMainModule (from `../`)

EXTERNAL SOURCES:
  RevanMainModule:
    :path: "../"

SPEC CHECKSUMS:
  RevanBaseModule: 4156320634603eb085313a51390631ee0176c98f
  RevanMainModule: 937abfebaaaaada5ac084ad141a9b599b6244d06

PODFILE CHECKSUM: 76a619fe0db6e858cb365ae623a19aa572d4b6ce

COCOAPODS: 1.2.1
