PODS:
  - RevanBaseModule/Category (0.6.0)
  - RevanMainModule (0.6.0):
    - RevanBaseModule/Category

DEPENDENCIES:
  - RevanMainModule (from `../`)

EXTERNAL SOURCES:
  RevanMainModule:
    :path: "../"

SPEC CHECKSUMS:
  RevanBaseModule: c8d55191f005e408a4dbc717cafd96b2a6bb2602
  RevanMainModule: 26411f19ea0fe86686501209b7a8a84346011b72

PODFILE CHECKSUM: 76a619fe0db6e858cb365ae623a19aa572d4b6ce

COCOAPODS: 1.2.1
